
Microsoft Visual Studio Solution File, Format Version 12.00
# Visual Studio Version 17
VisualStudioVersion = 17.13.35931.197 d17.13
MinimumVisualStudioVersion = 10.0.40219.1
Project("{FAE04EC0-301F-11D3-BF4B-00C04F79EFBC}") = "team1", "team1\team1.csproj", "{F73F651A-E625-49A3-AF29-65930EEC487F}"
EndProject
Global
	GlobalSection(SolutionConfigurationPlatforms) = preSolution
		Debug|Any CPU = Debug|Any CPU
		Release|Any CPU = Release|Any CPU
	EndGlobalSection
	GlobalSection(ProjectConfigurationPlatforms) = postSolution
		{F73F651A-E625-49A3-AF29-65930EEC487F}.Debug|Any CPU.ActiveCfg = Debug|Any CPU
		{F73F651A-E625-49A3-AF29-65930EEC487F}.Debug|Any CPU.Build.0 = Debug|Any CPU
		{F73F651A-E625-49A3-AF29-65930EEC487F}.Release|Any CPU.ActiveCfg = Release|Any CPU
		{F73F651A-E625-49A3-AF29-65930EEC487F}.Release|Any CPU.Build.0 = Release|Any CPU
	EndGlobalSection
	GlobalSection(SolutionProperties) = preSolution
		HideSolutionNode = FALSE
	EndGlobalSection
	GlobalSection(ExtensibilityGlobals) = postSolution
		SolutionGuid = {3478E821-928C-4443-ACD2-5D88C6F5E15D}
	EndGlobalSection
EndGlobal
